<?xml version="1.0" encoding="utf-8"?>
<Project ToolsVersion="4.0" xmlns="http://schemas.microsoft.com/developer/msbuild/2003">
  <ItemGroup>
    <Filter Include="Source Files">
      <UniqueIdentifier>{4FC737F1-C7A5-4376-A066-2A32D752A2FF}</UniqueIdentifier>
      <Extensions>cpp;c;cc;cxx;c++;cppm;ixx;def;odl;idl;hpj;bat;asm;asmx</Extensions>
    </Filter>
    <Filter Include="Header Files">
      <UniqueIdentifier>{93995380-89BD-4b04-88EB-625FBE52EBFB}</UniqueIdentifier>
      <Extensions>h;hh;hpp;hxx;h++;hm;inl;inc;ipp;xsd</Extensions>
    </Filter>
    <Filter Include="Resource Files">
      <UniqueIdentifier>{67DA6AB6-F800-4c08-8B7A-83BB121AAD01}</UniqueIdentifier>
      <Extensions>rc;ico;cur;bmp;dlg;rc2;rct;bin;rgs;gif;jpg;jpeg;jpe;resx;tiff;tif;png;wav;mfcribbon-ms</Extensions>
    </Filter>
  </ItemGroup>
  <ItemGroup>
    <ClInclude Include="framework.h">
      <Filter>Header Files</Filter>
    </ClInclude>
    <ClInclude Include="pch.h">
      <Filter>Header Files</Filter>
    </ClInclude>
    <ClInclude Include="swisseph-2.10.03\setest\checkpoints.h">
      <Filter>Header Files</Filter>
    </ClInclude>
    <ClInclude Include="swisseph-2.10.03\setest\globals.h">
      <Filter>Header Files</Filter>
    </ClInclude>
    <ClInclude Include="swisseph-2.10.03\setest\multivalues.h">
      <Filter>Header Files</Filter>
    </ClInclude>
    <ClInclude Include="swisseph-2.10.03\setest\reader.h">
      <Filter>Header Files</Filter>
    </ClInclude>
    <ClInclude Include="swisseph-2.10.03\setest\setest.h">
      <Filter>Header Files</Filter>
    </ClInclude>
    <ClInclude Include="swisseph-2.10.03\setest\testdata.h">
      <Filter>Header Files</Filter>
    </ClInclude>
    <ClInclude Include="swisseph-2.10.03\setest\testsuite_facade.h">
      <Filter>Header Files</Filter>
    </ClInclude>
    <ClInclude Include="swisseph-2.10.03\setest\testsuite_final.h">
      <Filter>Header Files</Filter>
    </ClInclude>
    <ClInclude Include="swisseph-2.10.03\swedate.h">
      <Filter>Header Files</Filter>
    </ClInclude>
    <ClInclude Include="swisseph-2.10.03\swedll.h">
      <Filter>Header Files</Filter>
    </ClInclude>
    <ClInclude Include="swisseph-2.10.03\sweephe4.h">
      <Filter>Header Files</Filter>
    </ClInclude>
    <ClInclude Include="swisseph-2.10.03\swehouse.h">
      <Filter>Header Files</Filter>
    </ClInclude>
    <ClInclude Include="swisseph-2.10.03\swejpl.h">
      <Filter>Header Files</Filter>
    </ClInclude>
    <ClInclude Include="swisseph-2.10.03\swemptab.h">
      <Filter>Header Files</Filter>
    </ClInclude>
    <ClInclude Include="swisseph-2.10.03\swenut2000a.h">
      <Filter>Header Files</Filter>
    </ClInclude>
    <ClInclude Include="swisseph-2.10.03\sweodef.h">
      <Filter>Header Files</Filter>
    </ClInclude>
    <ClInclude Include="swisseph-2.10.03\sweph.h">
      <Filter>Header Files</Filter>
    </ClInclude>
    <ClInclude Include="swisseph-2.10.03\swephexp.h">
      <Filter>Header Files</Filter>
    </ClInclude>
    <ClInclude Include="swisseph-2.10.03\swephlib.h">
      <Filter>Header Files</Filter>
    </ClInclude>
    <ClInclude Include="swisseph-2.10.03\swevents.h">
      <Filter>Header Files</Filter>
    </ClInclude>
    <ClInclude Include="swisseph-2.10.03\swewin\resource.h">
      <Filter>Header Files</Filter>
    </ClInclude>
    <ClInclude Include="swisseph-2.10.03\swewin\swewin.h">
      <Filter>Header Files</Filter>
    </ClInclude>
    <ClInclude Include="swisseph-2.10.03\swewin\swewin64.h">
      <Filter>Header Files</Filter>
    </ClInclude>
  </ItemGroup>
  <ItemGroup>
    <ClCompile Include="dllmain.cpp">
      <Filter>Source Files</Filter>
    </ClCompile>
    <ClCompile Include="pch.cpp">
      <Filter>Source Files</Filter>
    </ClCompile>
    <ClCompile Include="swisseph-2.10.03\setest\checkpoints.c">
      <Filter>Source Files</Filter>
    </ClCompile>
    <ClCompile Include="swisseph-2.10.03\setest\constants.c">
      <Filter>Source Files</Filter>
    </ClCompile>
    <ClCompile Include="swisseph-2.10.03\setest\generated_tests.c">
      <Filter>Source Files</Filter>
    </ClCompile>
    <ClCompile Include="swisseph-2.10.03\setest\globals.c">
      <Filter>Source Files</Filter>
    </ClCompile>
    <ClCompile Include="swisseph-2.10.03\setest\globals_suite.c">
      <Filter>Source Files</Filter>
    </ClCompile>
    <ClCompile Include="swisseph-2.10.03\setest\multivalues.c">
      <Filter>Source Files</Filter>
    </ClCompile>
    <ClCompile Include="swisseph-2.10.03\setest\reader.c">
      <Filter>Source Files</Filter>
    </ClCompile>
    <ClCompile Include="swisseph-2.10.03\setest\setest.c">
      <Filter>Source Files</Filter>
    </ClCompile>
    <ClCompile Include="swisseph-2.10.03\setest\suite_01_calc.c">
      <Filter>Source Files</Filter>
    </ClCompile>
    <ClCompile Include="swisseph-2.10.03\setest\suite_02_fixstar.c">
      <Filter>Source Files</Filter>
    </ClCompile>
    <ClCompile Include="swisseph-2.10.03\setest\suite_03_misc.c">
      <Filter>Source Files</Filter>
    </ClCompile>
    <ClCompile Include="swisseph-2.10.03\setest\suite_04_ayanamsa.c">
      <Filter>Source Files</Filter>
    </ClCompile>
    <ClCompile Include="swisseph-2.10.03\setest\suite_05_date_time.c">
      <Filter>Source Files</Filter>
    </ClCompile>
    <ClCompile Include="swisseph-2.10.03\setest\suite_06_houses.c">
      <Filter>Source Files</Filter>
    </ClCompile>
    <ClCompile Include="swisseph-2.10.03\setest\suite_07_apsides.c">
      <Filter>Source Files</Filter>
    </ClCompile>
    <ClCompile Include="swisseph-2.10.03\setest\suite_08_eclipses.c">
      <Filter>Source Files</Filter>
    </ClCompile>
    <ClCompile Include="swisseph-2.10.03\setest\suite_09_rise.c">
      <Filter>Source Files</Filter>
    </ClCompile>
    <ClCompile Include="swisseph-2.10.03\setest\suite_10_solcross.c">
      <Filter>Source Files</Filter>
    </ClCompile>
    <ClCompile Include="swisseph-2.10.03\setest\testdata.c">
      <Filter>Source Files</Filter>
    </ClCompile>
    <ClCompile Include="swisseph-2.10.03\sweasp.c">
      <Filter>Source Files</Filter>
    </ClCompile>
    <ClCompile Include="swisseph-2.10.03\swecl.c">
      <Filter>Source Files</Filter>
    </ClCompile>
    <ClCompile Include="swisseph-2.10.03\sweclips.c">
      <Filter>Source Files</Filter>
    </ClCompile>
    <ClCompile Include="swisseph-2.10.03\swedate.c">
      <Filter>Source Files</Filter>
    </ClCompile>
    <ClCompile Include="swisseph-2.10.03\sweephe4.c">
      <Filter>Source Files</Filter>
    </ClCompile>
    <ClCompile Include="swisseph-2.10.03\swehel.c">
      <Filter>Source Files</Filter>
    </ClCompile>
    <ClCompile Include="swisseph-2.10.03\swehouse.c">
      <Filter>Source Files</Filter>
    </ClCompile>
    <ClCompile Include="swisseph-2.10.03\swejpl.c">
      <Filter>Source Files</Filter>
    </ClCompile>
    <ClCompile Include="swisseph-2.10.03\swemini.c">
      <Filter>Source Files</Filter>
    </ClCompile>
    <ClCompile Include="swisseph-2.10.03\swemmoon.c">
      <Filter>Source Files</Filter>
    </ClCompile>
    <ClCompile Include="swisseph-2.10.03\swemplan.c">
      <Filter>Source Files</Filter>
    </ClCompile>
    <ClCompile Include="swisseph-2.10.03\sweph.c">
      <Filter>Source Files</Filter>
    </ClCompile>
    <ClCompile Include="swisseph-2.10.03\swephgen4.c">
      <Filter>Source Files</Filter>
    </ClCompile>
    <ClCompile Include="swisseph-2.10.03\swephlib.c">
      <Filter>Source Files</Filter>
    </ClCompile>
    <ClCompile Include="swisseph-2.10.03\swetest.c">
      <Filter>Source Files</Filter>
    </ClCompile>
    <ClCompile Include="swisseph-2.10.03\swevents.c">
      <Filter>Source Files</Filter>
    </ClCompile>
    <ClCompile Include="swisseph-2.10.03\swewin\swewin.c">
      <Filter>Source Files</Filter>
    </ClCompile>
    <ClCompile Include="swisseph-2.10.03\swewin\swewin64.c">
      <Filter>Source Files</Filter>
    </ClCompile>
  </ItemGroup>
  <ItemGroup>
    <None Include="swisseph-2.10.03\doc\swisseph.htm" />
    <None Include="swisseph-2.10.03\doc\template.htm" />
  </ItemGroup>
  <ItemGroup>
    <ResourceCompile Include="swisseph-2.10.03\swewin\swewin.rc">
      <Filter>Resource Files</Filter>
    </ResourceCompile>
  </ItemGroup>
</Project>